{
  "name": "Kings-and-Pigs",
  "lockfileVersion": 3,
  "requires": true,
  "packages": {
    "": {
      "dependencies": {
        "kaplay": "^3001.0.0-alpha.17"
      }
    },
    "node_modules/kaplay": {
      "version": "3001.0.0-alpha.17",
      "resolved": "https://registry.npmjs.org/kaplay/-/kaplay-3001.0.0-alpha.17.tgz",
      "integrity": "sha512-cuSknXOGQOBgpcekFbsvLa7rQMeOFhyqcIAlr5+3i9kGb/ROHh7b3hIGHLHTGU4qwmYLADP6jAqnWSHYic1RTQ==",
      "license": "MIT"
    }
  }
}
